{
  "requires": true,
  "lockfileVersion": 1,
  "dependencies": {
    "css.gg": {
      "version": "1.0.6",
      "resolved": "https://registry.npmjs.org/css.gg/-/css.gg-1.0.6.tgz",
      "integrity": "sha512-Bv8GTVkeuSqqkgdCJ+tJopRxf/mp/wP6hkL13BdCSs3FadD0GWyU3gKdjuaaFkfxkgYK+GhjSX3EA+cXLHBFpA=="
    }
  }
}
